
Microsoft Visual Studio Solution File, Format Version 12.00
# Visual Studio Version 16
VisualStudioVersion = 16.0.31005.135
MinimumVisualStudioVersion = 10.0.40219.1
Project("{9A19103F-16F7-4668-BE54-9A1E7A4F7556}") = "PayNext.App", "PayNext\PayNext.App.csproj", "{26478414-9932-4C6E-B822-6CEE1B1263C9}"
EndProject
Project("{9A19103F-16F7-4668-BE54-9A1E7A4F7556}") = "PayNext.Core", "PayNext.Core\PayNext.Core.csproj", "{8E6C9A3E-E625-49F8-B314-BCDC83B13A7F}"
EndProject
Project("{9A19103F-16F7-4668-BE54-9A1E7A4F7556}") = "PayNext.Infrastructure", "PayNext.Infrastructure\PayNext.Infrastructure.csproj", "{C7FCA016-2B02-46E1-8833-C8DF897E958F}"
EndProject
Global
	GlobalSection(SolutionConfigurationPlatforms) = preSolution
		Debug|Any CPU = Debug|Any CPU
		Release|Any CPU = Release|Any CPU
	EndGlobalSection
	GlobalSection(ProjectConfigurationPlatforms) = postSolution
		{26478414-9932-4C6E-B822-6CEE1B1263C9}.Debug|Any CPU.ActiveCfg = Debug|Any CPU
		{26478414-9932-4C6E-B822-6CEE1B1263C9}.Debug|Any CPU.Build.0 = Debug|Any CPU
		{26478414-9932-4C6E-B822-6CEE1B1263C9}.Release|Any CPU.ActiveCfg = Release|Any CPU
		{26478414-9932-4C6E-B822-6CEE1B1263C9}.Release|Any CPU.Build.0 = Release|Any CPU
		{8E6C9A3E-E625-49F8-B314-BCDC83B13A7F}.Debug|Any CPU.ActiveCfg = Debug|Any CPU
		{8E6C9A3E-E625-49F8-B314-BCDC83B13A7F}.Debug|Any CPU.Build.0 = Debug|Any CPU
		{8E6C9A3E-E625-49F8-B314-BCDC83B13A7F}.Release|Any CPU.ActiveCfg = Release|Any CPU
		{8E6C9A3E-E625-49F8-B314-BCDC83B13A7F}.Release|Any CPU.Build.0 = Release|Any CPU
		{C7FCA016-2B02-46E1-8833-C8DF897E958F}.Debug|Any CPU.ActiveCfg = Debug|Any CPU
		{C7FCA016-2B02-46E1-8833-C8DF897E958F}.Debug|Any CPU.Build.0 = Debug|Any CPU
		{C7FCA016-2B02-46E1-8833-C8DF897E958F}.Release|Any CPU.ActiveCfg = Release|Any CPU
		{C7FCA016-2B02-46E1-8833-C8DF897E958F}.Release|Any CPU.Build.0 = Release|Any CPU
	EndGlobalSection
	GlobalSection(SolutionProperties) = preSolution
		HideSolutionNode = FALSE
	EndGlobalSection
	GlobalSection(ExtensibilityGlobals) = postSolution
		SolutionGuid = {3D2E13C7-F5FB-49BE-AE9D-EAEBD7674B62}
	EndGlobalSection
EndGlobal
